{
    "_meta": {
        "hash": {
            "sha256": "9f37e806c8bb93ba3546089303c8a3c65e083e6d14780e465e5e1930055bedf1"
        },
        "pipfile-spec": 6,
        "requires": {
            "python_version": "3.9"
        },
        "sources": [
            {
                "name": "pypi",
                "url": "https://pypi.org/simple",
                "verify_ssl": true
            }
        ]
    },
    "default": {
        "asgiref": {
            "hashes": [
                "sha256:13acff32519542a1736223fb79a715acdebe24286d98e8b164a73085f40da2c4",
                "sha256:1db9021efadb0d9512ce8ffaf72fcef601c7b73a8807a1bb2ef143dc6b14846d"
            ],
            "markers": "python_version >= '3.9'",
            "version": "==3.11.0"
        },
        "django": {
            "hashes": [
                "sha256:213381b6e4405f5c8703fffc29cd719efdf189dec60c67c04f76272b3dc845b9",
                "sha256:92bac5b4432a64532abb73b2ac27203f485e40225d2640a7fbef2b62b876e789"
            ],
            "index": "pypi",
            "markers": "python_version >= '3.8'",
            "version": "==4.2.20"
        },
        "djangorestframework": {
            "hashes": [
                "sha256:166809528b1aced0a17dc66c24492af18049f2c9420dbd0be29422029cfc3ff7",
                "sha256:33a59f47fb9c85ede792cbf88bde71893bcda0667bc573f784649521f1102cec"
            ],
            "index": "pypi",
            "markers": "python_version >= '3.9'",
            "version": "==3.16.1"
        },
        "djangorestframework-simplejwt": {
            "hashes": [
                "sha256:2c30f3707053d384e9f315d11c2daccfcb548d4faa453111ca19a542b732e469",
                "sha256:e72c5572f51d7803021288e2057afcbd03f17fe11d484096f40a460abc76e87f"
            ],
            "index": "pypi",
            "markers": "python_version >= '3.9'",
            "version": "==5.5.1"
        },
        "gunicorn": {
            "hashes": [
                "sha256:ec400d38950de4dfd418cff8328b2c8faed0edb0d517d3394e457c317908ca4d",
                "sha256:f014447a0101dc57e294f6c18ca6b40227a4c90e9bdb586042628030cba004ec"
            ],
            "index": "pypi",
            "markers": "python_version >= '3.7'",
            "version": "==23.0.0"
        },
        "mysqlclient": {
            "hashes": [
                "sha256:199dab53a224357dd0cb4d78ca0e54018f9cee9bf9ec68d72db50e0a23569076",
                "sha256:201a6faa301011dd07bca6b651fe5aaa546d7c9a5426835a06c3172e1056a3c5",
                "sha256:24ae22b59416d5fcce7e99c9d37548350b4565baac82f95e149cac6ce4163845",
                "sha256:2e3c11f7625029d7276ca506f8960a7fd3c5a0a0122c9e7404e6a8fe961b3d22",
                "sha256:4b4c0200890837fc64014cc938ef2273252ab544c1b12a6c1d674c23943f3f2e",
                "sha256:92af368ed9c9144737af569c86d3b6c74a012a6f6b792eb868384787b52bb585",
                "sha256:977e35244fe6ef44124e9a1c2d1554728a7b76695598e4b92b37dc2130503069",
                "sha256:a22d99d26baf4af68ebef430e3131bb5a9b722b79a9fcfac6d9bbf8a88800687"
            ],
            "index": "pypi",
            "markers": "python_version >= '3.8'",
            "version": "==2.2.7"
        },
        "packaging": {
            "hashes": [
                "sha256:29572ef2b1f17581046b3a2227d5c611fb25ec70ca1ba8554b24b0e69331a484",
                "sha256:d443872c98d677bf60f6a1f2f8c1cb748e8fe762d2bf9d3148b5599295b0fc4f"
            ],
            "markers": "python_version >= '3.8'",
            "version": "==25.0"
        },
        "pyjwt": {
            "hashes": [
                "sha256:3cc5772eb20009233caf06e9d8a0577824723b44e6648ee0a2aedb6cf9381953",
                "sha256:dcdd193e30abefd5debf142f9adfcdd2b58004e644f25406ffaebd50bd98dacb"
            ],
            "markers": "python_version >= '3.9'",
            "version": "==2.10.1"
        },
        "sqlparse": {
            "hashes": [
                "sha256:4396a7d3cf1cd679c1be976cf3dc6e0a51d0111e87787e7a8d780e7d5a998f9e",
                "sha256:99a9f0314977b76d776a0fcb8554de91b9bb8a18560631d6bc48721d07023dcb"
            ],
            "markers": "python_version >= '3.8'",
            "version": "==0.5.4"
        },
        "typing-extensions": {
            "hashes": [
                "sha256:0cea48d173cc12fa28ecabc3b837ea3cf6f38c6d1136f85cbaaf598984861466",
                "sha256:f0fa19c6845758ab08074a0cfa8b7aecb71c999ca73d62883bc25cc018c4e548"
            ],
            "markers": "python_version < '3.11'",
            "version": "==4.15.0"
        },
        "tzdata": {
            "hashes": [
                "sha256:06a47e5700f3081aab02b2e513160914ff0694bce9947d6b76ebd6bf57cfc5d1",
                "sha256:de39c2ca5dc7b0344f2eba86f49d614019d29f060fc4ebc8a417896a620b56a7"
            ],
            "markers": "sys_platform == 'win32'",
            "version": "==2025.3"
        }
    },
    "develop": {}
}
